
Microsoft Visual Studio Solution File, Format Version 12.00
# Visual Studio Version 16
VisualStudioVersion = 16.0.31624.102
MinimumVisualStudioVersion = 10.0.40219.1
Project("{9A19103F-16F7-4668-BE54-9A1E7A4F7556}") = "MetricsForce.App", "src\AppMetricsForce\MetricsForce.App.csproj", "{7EBA4142-2140-4E4D-B5EE-EFF7575505EC}"
EndProject
Project("{FAE04EC0-301F-11D3-BF4B-00C04F79EFBC}") = "MetricsForce.Business", "src\MetricsForce.Business\MetricsForce.Business.csproj", "{762B53A3-638E-4AFA-85E4-C48FABE8FE47}"
EndProject
Project("{FAE04EC0-301F-11D3-BF4B-00C04F79EFBC}") = "MetricsForce.Data", "src\MetricsForce.Data\MetricsForce.Data.csproj", "{DC2BCED3-B09C-4466-8778-57C42829D6F0}"
EndProject
Global
	GlobalSection(SolutionConfigurationPlatforms) = preSolution
		Debug|Any CPU = Debug|Any CPU
		Release|Any CPU = Release|Any CPU
	EndGlobalSection
	GlobalSection(ProjectConfigurationPlatforms) = postSolution
		{7EBA4142-2140-4E4D-B5EE-EFF7575505EC}.Debug|Any CPU.ActiveCfg = Debug|Any CPU
		{7EBA4142-2140-4E4D-B5EE-EFF7575505EC}.Debug|Any CPU.Build.0 = Debug|Any CPU
		{7EBA4142-2140-4E4D-B5EE-EFF7575505EC}.Release|Any CPU.ActiveCfg = Release|Any CPU
		{7EBA4142-2140-4E4D-B5EE-EFF7575505EC}.Release|Any CPU.Build.0 = Release|Any CPU
		{762B53A3-638E-4AFA-85E4-C48FABE8FE47}.Debug|Any CPU.ActiveCfg = Debug|Any CPU
		{762B53A3-638E-4AFA-85E4-C48FABE8FE47}.Debug|Any CPU.Build.0 = Debug|Any CPU
		{762B53A3-638E-4AFA-85E4-C48FABE8FE47}.Release|Any CPU.ActiveCfg = Release|Any CPU
		{762B53A3-638E-4AFA-85E4-C48FABE8FE47}.Release|Any CPU.Build.0 = Release|Any CPU
		{DC2BCED3-B09C-4466-8778-57C42829D6F0}.Debug|Any CPU.ActiveCfg = Debug|Any CPU
		{DC2BCED3-B09C-4466-8778-57C42829D6F0}.Debug|Any CPU.Build.0 = Debug|Any CPU
		{DC2BCED3-B09C-4466-8778-57C42829D6F0}.Release|Any CPU.ActiveCfg = Release|Any CPU
		{DC2BCED3-B09C-4466-8778-57C42829D6F0}.Release|Any CPU.Build.0 = Release|Any CPU
	EndGlobalSection
	GlobalSection(SolutionProperties) = preSolution
		HideSolutionNode = FALSE
	EndGlobalSection
	GlobalSection(ExtensibilityGlobals) = postSolution
		SolutionGuid = {45F97055-FAB2-4DD5-B31D-C8EEEC9EECE5}
	EndGlobalSection
EndGlobal
